// !$*UTF8*$!
{
	archiveVersion = 1;
	classes = {
	};
	objectVersion = 50;
	objects = {

/* Begin PBXBuildFile section */
		A52A6F1E26F86B9100AB0679 /* main.swift in Sources */ = {isa = PBXBuildFile; fileRef = A52A6F1D26F86B9100AB0679 /* main.swift */; };
		A58621C22704AB1400BEB388 /* Game.swift in Sources */ = {isa = PBXBuildFile; fileRef = A58621C12704AB1400BEB388 /* Game.swift */; };
		A58621CC2704AC1E00BEB388 /* Character.swift in Sources */ = {isa = PBXBuildFile; fileRef = A58621CB2704AC1E00BEB388 /* Character.swift */; };
		A58621CE2704AC3300BEB388 /* Warrior.swift in Sources */ = {isa = PBXBuildFile; fileRef = A58621CD2704AC3300BEB388 /* Warrior.swift */; };
		A58621D02704AC3E00BEB388 /* Archer.swift in Sources */ = {isa = PBXBuildFile; fileRef = A58621CF2704AC3E00BEB388 /* Archer.swift */; };
		A58621D22704AC4B00BEB388 /* Healer.swift in Sources */ = {isa = PBXBuildFile; fileRef = A58621D12704AC4B00BEB388 /* Healer.swift */; };
		A58621D62704AD2F00BEB388 /* Axe.swift in Sources */ = {isa = PBXBuildFile; fileRef = A58621D52704AD2F00BEB388 /* Axe.swift */; };
		A58621D82704AD4600BEB388 /* Stick.swift in Sources */ = {isa = PBXBuildFile; fileRef = A58621D72704AD4600BEB388 /* Stick.swift */; };
		A58621DE2705EF5D00BEB388 /* Weapon.swift in Sources */ = {isa = PBXBuildFile; fileRef = A58621DD2705EF5D00BEB388 /* Weapon.swift */; };
		A58621E02705EFED00BEB388 /* CrossBow.swift in Sources */ = {isa = PBXBuildFile; fileRef = A58621DF2705EFED00BEB388 /* CrossBow.swift */; };
		A58621E22705FD7C00BEB388 /* CreationOfPlayers.swift in Sources */ = {isa = PBXBuildFile; fileRef = A58621E12705FD7C00BEB388 /* CreationOfPlayers.swift */; };
		A58621E42705FFBB00BEB388 /* Player.swift in Sources */ = {isa = PBXBuildFile; fileRef = A58621E32705FFBB00BEB388 /* Player.swift */; };
/* End PBXBuildFile section */

/* Begin PBXCopyFilesBuildPhase section */
		A52A6F1826F86B9100AB0679 /* CopyFiles */ = {
			isa = PBXCopyFilesBuildPhase;
			buildActionMask = 2147483647;
			dstPath = /usr/share/man/man1/;
			dstSubfolderSpec = 0;
			files = (
			);
			runOnlyForDeploymentPostprocessing = 1;
		};
/* End PBXCopyFilesBuildPhase section */

/* Begin PBXFileReference section */
		A52A6F1A26F86B9100AB0679 /* Rpg FrenchGame Factory */ = {isa = PBXFileReference; explicitFileType = "compiled.mach-o.executable"; includeInIndex = 0; path = "Rpg FrenchGame Factory"; sourceTree = BUILT_PRODUCTS_DIR; };
		A52A6F1D26F86B9100AB0679 /* main.swift */ = {isa = PBXFileReference; lastKnownFileType = sourcecode.swift; path = main.swift; sourceTree = "<group>"; };
		A58621C12704AB1400BEB388 /* Game.swift */ = {isa = PBXFileReference; lastKnownFileType = sourcecode.swift; path = Game.swift; sourceTree = "<group>"; };
		A58621CB2704AC1E00BEB388 /* Character.swift */ = {isa = PBXFileReference; lastKnownFileType = sourcecode.swift; path = Character.swift; sourceTree = "<group>"; };
		A58621CD2704AC3300BEB388 /* Warrior.swift */ = {isa = PBXFileReference; lastKnownFileType = sourcecode.swift; path = Warrior.swift; sourceTree = "<group>"; };
		A58621CF2704AC3E00BEB388 /* Archer.swift */ = {isa = PBXFileReference; lastKnownFileType = sourcecode.swift; path = Archer.swift; sourceTree = "<group>"; };
		A58621D12704AC4B00BEB388 /* Healer.swift */ = {isa = PBXFileReference; lastKnownFileType = sourcecode.swift; path = Healer.swift; sourceTree = "<group>"; };
		A58621D52704AD2F00BEB388 /* Axe.swift */ = {isa = PBXFileReference; lastKnownFileType = sourcecode.swift; path = Axe.swift; sourceTree = "<group>"; };
		A58621D72704AD4600BEB388 /* Stick.swift */ = {isa = PBXFileReference; lastKnownFileType = sourcecode.swift; path = Stick.swift; sourceTree = "<group>"; };
		A58621DD2705EF5D00BEB388 /* Weapon.swift */ = {isa = PBXFileReference; lastKnownFileType = sourcecode.swift; path = Weapon.swift; sourceTree = "<group>"; };
		A58621DF2705EFED00BEB388 /* CrossBow.swift */ = {isa = PBXFileReference; lastKnownFileType = sourcecode.swift; path = CrossBow.swift; sourceTree = "<group>"; };
		A58621E12705FD7C00BEB388 /* CreationOfPlayers.swift */ = {isa = PBXFileReference; lastKnownFileType = sourcecode.swift; path = CreationOfPlayers.swift; sourceTree = "<group>"; };
		A58621E32705FFBB00BEB388 /* Player.swift */ = {isa = PBXFileReference; lastKnownFileType = sourcecode.swift; path = Player.swift; sourceTree = "<group>"; };
/* End PBXFileReference section */

/* Begin PBXFrameworksBuildPhase section */
		A52A6F1726F86B9100AB0679 /* Frameworks */ = {
			isa = PBXFrameworksBuildPhase;
			buildActionMask = 2147483647;
			files = (
			);
			runOnlyForDeploymentPostprocessing = 0;
		};
/* End PBXFrameworksBuildPhase section */

/* Begin PBXGroup section */
		A52A6F1126F86B9100AB0679 = {
			isa = PBXGroup;
			children = (
				A52A6F1C26F86B9100AB0679 /* Rpg FrenchGame Factory */,
				A52A6F1B26F86B9100AB0679 /* Products */,
			);
			sourceTree = "<group>";
		};
		A52A6F1B26F86B9100AB0679 /* Products */ = {
			isa = PBXGroup;
			children = (
				A52A6F1A26F86B9100AB0679 /* Rpg FrenchGame Factory */,
			);
			name = Products;
			sourceTree = "<group>";
		};
		A52A6F1C26F86B9100AB0679 /* Rpg FrenchGame Factory */ = {
			isa = PBXGroup;
			children = (
				A52A6F1D26F86B9100AB0679 /* main.swift */,
				A58621C12704AB1400BEB388 /* Game.swift */,
				A58621E32705FFBB00BEB388 /* Player.swift */,
				A58621E12705FD7C00BEB388 /* CreationOfPlayers.swift */,
				A58621D92704B37900BEB388 /* Weapons */,
				A58621DA2704B3E900BEB388 /* Characters */,
			);
			path = "Rpg FrenchGame Factory";
			sourceTree = "<group>";
		};
		A58621D92704B37900BEB388 /* Weapons */ = {
			isa = PBXGroup;
			children = (
				A58621DD2705EF5D00BEB388 /* Weapon.swift */,
				A58621D52704AD2F00BEB388 /* Axe.swift */,
				A58621DF2705EFED00BEB388 /* CrossBow.swift */,
				A58621D72704AD4600BEB388 /* Stick.swift */,
			);
			path = Weapons;
			sourceTree = "<group>";
		};
		A58621DA2704B3E900BEB388 /* Characters */ = {
			isa = PBXGroup;
			children = (
				A58621CB2704AC1E00BEB388 /* Character.swift */,
				A58621CD2704AC3300BEB388 /* Warrior.swift */,
				A58621CF2704AC3E00BEB388 /* Archer.swift */,
				A58621D12704AC4B00BEB388 /* Healer.swift */,
			);
			path = Characters;
			sourceTree = "<group>";
		};
/* End PBXGroup section */

/* Begin PBXNativeTarget section */
		A52A6F1926F86B9100AB0679 /* Rpg FrenchGame Factory */ = {
			isa = PBXNativeTarget;
			buildConfigurationList = A52A6F2126F86B9100AB0679 /* Build configuration list for PBXNativeTarget "Rpg FrenchGame Factory" */;
			buildPhases = (
				A52A6F1626F86B9100AB0679 /* Sources */,
				A52A6F1726F86B9100AB0679 /* Frameworks */,
				A52A6F1826F86B9100AB0679 /* CopyFiles */,
			);
			buildRules = (
			);
			dependencies = (
			);
			name = "Rpg FrenchGame Factory";
			productName = "Rpg FrenchGame Factory";
			productReference = A52A6F1A26F86B9100AB0679 /* Rpg FrenchGame Factory */;
			productType = "com.apple.product-type.tool";
		};
/* End PBXNativeTarget section */

/* Begin PBXProject section */
		A52A6F1226F86B9100AB0679 /* Project object */ = {
			isa = PBXProject;
			attributes = {
				LastSwiftUpdateCheck = 1250;
				LastUpgradeCheck = 1300;
				TargetAttributes = {
					A52A6F1926F86B9100AB0679 = {
						CreatedOnToolsVersion = 12.5.1;
					};
				};
			};
			buildConfigurationList = A52A6F1526F86B9100AB0679 /* Build configuration list for PBXProject "Rpg FrenchGame Factory" */;
			compatibilityVersion = "Xcode 9.3";
			developmentRegion = en;
			hasScannedForEncodings = 0;
			knownRegions = (
				en,
				Base,
			);
			mainGroup = A52A6F1126F86B9100AB0679;
			productRefGroup = A52A6F1B26F86B9100AB0679 /* Products */;
			projectDirPath = "";
			projectRoot = "";
			targets = (
				A52A6F1926F86B9100AB0679 /* Rpg FrenchGame Factory */,
			);
		};
/* End PBXProject section */

/* Begin PBXSourcesBuildPhase section */
		A52A6F1626F86B9100AB0679 /* Sources */ = {
			isa = PBXSourcesBuildPhase;
			buildActionMask = 2147483647;
			files = (
				A58621D82704AD4600BEB388 /* Stick.swift in Sources */,
				A58621CE2704AC3300BEB388 /* Warrior.swift in Sources */,
				A58621E02705EFED00BEB388 /* CrossBow.swift in Sources */,
				A58621E22705FD7C00BEB388 /* CreationOfPlayers.swift in Sources */,
				A58621E42705FFBB00BEB388 /* Player.swift in Sources */,
				A58621D02704AC3E00BEB388 /* Archer.swift in Sources */,
				A58621CC2704AC1E00BEB388 /* Character.swift in Sources */,
				A58621DE2705EF5D00BEB388 /* Weapon.swift in Sources */,
				A52A6F1E26F86B9100AB0679 /* main.swift in Sources */,
				A58621C22704AB1400BEB388 /* Game.swift in Sources */,
				A58621D22704AC4B00BEB388 /* Healer.swift in Sources */,
				A58621D62704AD2F00BEB388 /* Axe.swift in Sources */,
			);
			runOnlyForDeploymentPostprocessing = 0;
		};
/* End PBXSourcesBuildPhase section */

/* Begin XCBuildConfiguration section */
		A52A6F1F26F86B9100AB0679 /* Debug */ = {
			isa = XCBuildConfiguration;
			buildSettings = {
				ALWAYS_SEARCH_USER_PATHS = NO;
				CLANG_ANALYZER_NONNULL = YES;
				CLANG_ANALYZER_NUMBER_OBJECT_CONVERSION = YES_AGGRESSIVE;
				CLANG_CXX_LANGUAGE_STANDARD = "gnu++14";
				CLANG_CXX_LIBRARY = "libc++";
				CLANG_ENABLE_MODULES = YES;
				CLANG_ENABLE_OBJC_ARC = YES;
				CLANG_ENABLE_OBJC_WEAK = YES;
				CLANG_WARN_BLOCK_CAPTURE_AUTORELEASING = YES;
				CLANG_WARN_BOOL_CONVERSION = YES;
				CLANG_WARN_COMMA = YES;
				CLANG_WARN_CONSTANT_CONVERSION = YES;
				CLANG_WARN_DEPRECATED_OBJC_IMPLEMENTATIONS = YES;
				CLANG_WARN_DIRECT_OBJC_ISA_USAGE = YES_ERROR;
				CLANG_WARN_DOCUMENTATION_COMMENTS = YES;
				CLANG_WARN_EMPTY_BODY = YES;
				CLANG_WARN_ENUM_CONVERSION = YES;
				CLANG_WARN_INFINITE_RECURSION = YES;
				CLANG_WARN_INT_CONVERSION = YES;
				CLANG_WARN_NON_LITERAL_NULL_CONVERSION = YES;
				CLANG_WARN_OBJC_IMPLICIT_RETAIN_SELF = YES;
				CLANG_WARN_OBJC_LITERAL_CONVERSION = YES;
				CLANG_WARN_OBJC_ROOT_CLASS = YES_ERROR;
				CLANG_WARN_QUOTED_INCLUDE_IN_FRAMEWORK_HEADER = YES;
				CLANG_WARN_RANGE_LOOP_ANALYSIS = YES;
				CLANG_WARN_STRICT_PROTOTYPES = YES;
				CLANG_WARN_SUSPICIOUS_MOVE = YES;
				CLANG_WARN_UNGUARDED_AVAILABILITY = YES_AGGRESSIVE;
				CLANG_WARN_UNREACHABLE_CODE = YES;
				CLANG_WARN__DUPLICATE_METHOD_MATCH = YES;
				COPY_PHASE_STRIP = NO;
				DEBUG_INFORMATION_FORMAT = dwarf;
				ENABLE_STRICT_OBJC_MSGSEND = YES;
				ENABLE_TESTABILITY = YES;
				GCC_C_LANGUAGE_STANDARD = gnu11;
				GCC_DYNAMIC_NO_PIC = NO;
				GCC_NO_COMMON_BLOCKS = YES;
				GCC_OPTIMIZATION_LEVEL = 0;
				GCC_PREPROCESSOR_DEFINITIONS = (
					"DEBUG=1",
					"$(inherited)",
				);
				GCC_WARN_64_TO_32_BIT_CONVERSION = YES;
				GCC_WARN_ABOUT_RETURN_TYPE = YES_ERROR;
				GCC_WARN_UNDECLARED_SELECTOR = YES;
				GCC_WARN_UNINITIALIZED_AUTOS = YES_AGGRESSIVE;
				GCC_WARN_UNUSED_FUNCTION = YES;
				GCC_WARN_UNUSED_VARIABLE = YES;
				MACOSX_DEPLOYMENT_TARGET = 11.3;
				MTL_ENABLE_DEBUG_INFO = INCLUDE_SOURCE;
				MTL_FAST_MATH = YES;
				ONLY_ACTIVE_ARCH = YES;
				SDKROOT = macosx;
				SWIFT_ACTIVE_COMPILATION_CONDITIONS = DEBUG;
				SWIFT_OPTIMIZATION_LEVEL = "-Onone";
			};
			name = Debug;
		};
		A52A6F2026F86B9100AB0679 /* Release */ = {
			isa = XCBuildConfiguration;
			buildSettings = {
				ALWAYS_SEARCH_USER_PATHS = NO;
				CLANG_ANALYZER_NONNULL = YES;
				CLANG_ANALYZER_NUMBER_OBJECT_CONVERSION = YES_AGGRESSIVE;
				CLANG_CXX_LANGUAGE_STANDARD = "gnu++14";
				CLANG_CXX_LIBRARY = "libc++";
				CLANG_ENABLE_MODULES = YES;
				CLANG_ENABLE_OBJC_ARC = YES;
				CLANG_ENABLE_OBJC_WEAK = YES;
				CLANG_WARN_BLOCK_CAPTURE_AUTORELEASING = YES;
				CLANG_WARN_BOOL_CONVERSION = YES;
				CLANG_WARN_COMMA = YES;
				CLANG_WARN_CONSTANT_CONVERSION = YES;
				CLANG_WARN_DEPRECATED_OBJC_IMPLEMENTATIONS = YES;
				CLANG_WARN_DIRECT_OBJC_ISA_USAGE = YES_ERROR;
				CLANG_WARN_DOCUMENTATION_COMMENTS = YES;
				CLANG_WARN_EMPTY_BODY = YES;
				CLANG_WARN_ENUM_CONVERSION = YES;
				CLANG_WARN_INFINITE_RECURSION = YES;
				CLANG_WARN_INT_CONVERSION = YES;
				CLANG_WARN_NON_LITERAL_NULL_CONVERSION = YES;
				CLANG_WARN_OBJC_IMPLICIT_RETAIN_SELF = YES;
				CLANG_WARN_OBJC_LITERAL_CONVERSION = YES;
				CLANG_WARN_OBJC_ROOT_CLASS = YES_ERROR;
				CLANG_WARN_QUOTED_INCLUDE_IN_FRAMEWORK_HEADER = YES;
				CLANG_WARN_RANGE_LOOP_ANALYSIS = YES;
				CLANG_WARN_STRICT_PROTOTYPES = YES;
				CLANG_WARN_SUSPICIOUS_MOVE = YES;
				CLANG_WARN_UNGUARDED_AVAILABILITY = YES_AGGRESSIVE;
				CLANG_WARN_UNREACHABLE_CODE = YES;
				CLANG_WARN__DUPLICATE_METHOD_MATCH = YES;
				COPY_PHASE_STRIP = NO;
				DEBUG_INFORMATION_FORMAT = "dwarf-with-dsym";
				ENABLE_NS_ASSERTIONS = NO;
				ENABLE_STRICT_OBJC_MSGSEND = YES;
				GCC_C_LANGUAGE_STANDARD = gnu11;
				GCC_NO_COMMON_BLOCKS = YES;
				GCC_WARN_64_TO_32_BIT_CONVERSION = YES;
				GCC_WARN_ABOUT_RETURN_TYPE = YES_ERROR;
				GCC_WARN_UNDECLARED_SELECTOR = YES;
				GCC_WARN_UNINITIALIZED_AUTOS = YES_AGGRESSIVE;
				GCC_WARN_UNUSED_FUNCTION = YES;
				GCC_WARN_UNUSED_VARIABLE = YES;
				MACOSX_DEPLOYMENT_TARGET = 11.3;
				MTL_ENABLE_DEBUG_INFO = NO;
				MTL_FAST_MATH = YES;
				SDKROOT = macosx;
				SWIFT_COMPILATION_MODE = wholemodule;
				SWIFT_OPTIMIZATION_LEVEL = "-O";
			};
			name = Release;
		};
		A52A6F2226F86B9100AB0679 /* Debug */ = {
			isa = XCBuildConfiguration;
			buildSettings = {
				CODE_SIGN_IDENTITY = "-";
				CODE_SIGN_STYLE = Automatic;
				DEVELOPMENT_TEAM = LW327YJ489;
				ENABLE_HARDENED_RUNTIME = YES;
				PRODUCT_NAME = "$(TARGET_NAME)";
				SWIFT_VERSION = 5.0;
			};
			name = Debug;
		};
		A52A6F2326F86B9100AB0679 /* Release */ = {
			isa = XCBuildConfiguration;
			buildSettings = {
				CODE_SIGN_IDENTITY = "-";
				CODE_SIGN_STYLE = Automatic;
				DEVELOPMENT_TEAM = LW327YJ489;
				ENABLE_HARDENED_RUNTIME = YES;
				PRODUCT_NAME = "$(TARGET_NAME)";
				SWIFT_VERSION = 5.0;
			};
			name = Release;
		};
/* End XCBuildConfiguration section */

/* Begin XCConfigurationList section */
		A52A6F1526F86B9100AB0679 /* Build configuration list for PBXProject "Rpg FrenchGame Factory" */ = {
			isa = XCConfigurationList;
			buildConfigurations = (
				A52A6F1F26F86B9100AB0679 /* Debug */,
				A52A6F2026F86B9100AB0679 /* Release */,
			);
			defaultConfigurationIsVisible = 0;
			defaultConfigurationName = Release;
		};
		A52A6F2126F86B9100AB0679 /* Build configuration list for PBXNativeTarget "Rpg FrenchGame Factory" */ = {
			isa = XCConfigurationList;
			buildConfigurations = (
				A52A6F2226F86B9100AB0679 /* Debug */,
				A52A6F2326F86B9100AB0679 /* Release */,
			);
			defaultConfigurationIsVisible = 0;
			defaultConfigurationName = Release;
		};
/* End XCConfigurationList section */
	};
	rootObject = A52A6F1226F86B9100AB0679 /* Project object */;
}
